
Microsoft Visual Studio Solution File, Format Version 12.00
# Visual Studio Version 16
VisualStudioVersion = 16.0.29509.3
MinimumVisualStudioVersion = 10.0.40219.1
Project("{FAE04EC0-301F-11D3-BF4B-00C04F79EFBC}") = "Midterm", "Midterm.csproj", "{B403F4C3-74DF-44B1-BEAC-5952819F2703}"
EndProject
Global
	GlobalSection(SolutionConfigurationPlatforms) = preSolution
		Debug|Any CPU = Debug|Any CPU
		Release|Any CPU = Release|Any CPU
	EndGlobalSection
	GlobalSection(ProjectConfigurationPlatforms) = postSolution
		{B403F4C3-74DF-44B1-BEAC-5952819F2703}.Debug|Any CPU.ActiveCfg = Debug|Any CPU
		{B403F4C3-74DF-44B1-BEAC-5952819F2703}.Debug|Any CPU.Build.0 = Debug|Any CPU
		{B403F4C3-74DF-44B1-BEAC-5952819F2703}.Release|Any CPU.ActiveCfg = Release|Any CPU
		{B403F4C3-74DF-44B1-BEAC-5952819F2703}.Release|Any CPU.Build.0 = Release|Any CPU
	EndGlobalSection
	GlobalSection(SolutionProperties) = preSolution
		HideSolutionNode = FALSE
	EndGlobalSection
	GlobalSection(ExtensibilityGlobals) = postSolution
		SolutionGuid = {24F56F08-37D2-468C-BA24-E6E115019A4F}
	EndGlobalSection
EndGlobal
